PODS:
  - Alamofire (4.9.1)
  - Hue (3.0.1)
  - LFLiveKit (2.6)
  - NextLevel (0.16.0)
  - RPCircularProgress (0.4.0)

DEPENDENCIES:
  - Alamofire (~> 4.7)
  - Hue (~> 3.0)
  - LFLiveKit (~> 2.6)
  - NextLevel (~> 0.9)
  - RPCircularProgress (= 0.4.0)

SPEC REPOS:
  trunk:
    - Alamofire
    - Hue
    - LFLiveKit
    - NextLevel
    - RPCircularProgress

SPEC CHECKSUMS:
  Alamofire: 85e8a02c69d6020a0d734f6054870d7ecb75cf18
  Hue: 93e852fa6211ab35922ad8c293f51c43d6c79eb2
  LFLiveKit: 2219563721f8aa0f188effc3395a06e2d53b23f2
  NextLevel: 160b90a86bb36b6fda7c03b8f238a923df880ce5
  RPCircularProgress: fdbf7c5b54156980cdd35c6cc8a87d6468c6c829

PODFILE CHECKSUM: d74eb7b6384b7c5c5741dc684400434c43590465

COCOAPODS: 1.8.4
